// !$*UTF8*$!
{
	archiveVersion = 1;
	classes = {
	};
	objectVersion = 56;
	objects = {

/* Begin PBXBuildFile section */
		927EC44488DA0DAAA7DF67BA /* Pods_WalletWise.framework in Frameworks */ = {isa = PBXBuildFile; fileRef = 3756546E2081E442CD103682 /* Pods_WalletWise.framework */; };
		B760915329E9CA3A000C7FB6 /* SummaryViewController.swift in Sources */ = {isa = PBXBuildFile; fileRef = B760915229E9CA3A000C7FB6 /* SummaryViewController.swift */; };
		B7EFF4DA29E1178D0076146F /* AppDelegate.swift in Sources */ = {isa = PBXBuildFile; fileRef = B7EFF4D929E1178D0076146F /* AppDelegate.swift */; };
		B7EFF4DC29E1178D0076146F /* SceneDelegate.swift in Sources */ = {isa = PBXBuildFile; fileRef = B7EFF4DB29E1178D0076146F /* SceneDelegate.swift */; };
		B7EFF4DE29E1178D0076146F /* ViewController.swift in Sources */ = {isa = PBXBuildFile; fileRef = B7EFF4DD29E1178D0076146F /* ViewController.swift */; };
		B7EFF4E129E1178D0076146F /* Main.storyboard in Resources */ = {isa = PBXBuildFile; fileRef = B7EFF4DF29E1178D0076146F /* Main.storyboard */; };
		B7EFF4E329E1178D0076146F /* Assets.xcassets in Resources */ = {isa = PBXBuildFile; fileRef = B7EFF4E229E1178D0076146F /* Assets.xcassets */; };
		B7EFF4E629E1178D0076146F /* LaunchScreen.storyboard in Resources */ = {isa = PBXBuildFile; fileRef = B7EFF4E429E1178D0076146F /* LaunchScreen.storyboard */; };
/* End PBXBuildFile section */

/* Begin PBXFileReference section */
		3756546E2081E442CD103682 /* Pods_WalletWise.framework */ = {isa = PBXFileReference; explicitFileType = wrapper.framework; includeInIndex = 0; path = Pods_WalletWise.framework; sourceTree = BUILT_PRODUCTS_DIR; };
		687B8539A0478F484D6F2F01 /* Pods-WalletWise.debug.xcconfig */ = {isa = PBXFileReference; includeInIndex = 1; lastKnownFileType = text.xcconfig; name = "Pods-WalletWise.debug.xcconfig"; path = "Target Support Files/Pods-WalletWise/Pods-WalletWise.debug.xcconfig"; sourceTree = "<group>"; };
		B760915229E9CA3A000C7FB6 /* SummaryViewController.swift */ = {isa = PBXFileReference; lastKnownFileType = sourcecode.swift; path = SummaryViewController.swift; sourceTree = "<group>"; };
		B7EFF4D629E1178D0076146F /* WalletWise.app */ = {isa = PBXFileReference; explicitFileType = wrapper.application; includeInIndex = 0; path = WalletWise.app; sourceTree = BUILT_PRODUCTS_DIR; };
		B7EFF4D929E1178D0076146F /* AppDelegate.swift */ = {isa = PBXFileReference; lastKnownFileType = sourcecode.swift; path = AppDelegate.swift; sourceTree = "<group>"; };
		B7EFF4DB29E1178D0076146F /* SceneDelegate.swift */ = {isa = PBXFileReference; lastKnownFileType = sourcecode.swift; path = SceneDelegate.swift; sourceTree = "<group>"; };
		B7EFF4DD29E1178D0076146F /* ViewController.swift */ = {isa = PBXFileReference; lastKnownFileType = sourcecode.swift; path = ViewController.swift; sourceTree = "<group>"; };
		B7EFF4E029E1178D0076146F /* Base */ = {isa = PBXFileReference; lastKnownFileType = file.storyboard; name = Base; path = Base.lproj/Main.storyboard; sourceTree = "<group>"; };
		B7EFF4E229E1178D0076146F /* Assets.xcassets */ = {isa = PBXFileReference; lastKnownFileType = folder.assetcatalog; path = Assets.xcassets; sourceTree = "<group>"; };
		B7EFF4E529E1178D0076146F /* Base */ = {isa = PBXFileReference; lastKnownFileType = file.storyboard; name = Base; path = Base.lproj/LaunchScreen.storyboard; sourceTree = "<group>"; };
		B7EFF4E729E1178D0076146F /* Info.plist */ = {isa = PBXFileReference; lastKnownFileType = text.plist.xml; path = Info.plist; sourceTree = "<group>"; };
		BDA7CFE0792F0C07EB10A8B1 /* Pods-WalletWise.release.xcconfig */ = {isa = PBXFileReference; includeInIndex = 1; lastKnownFileType = text.xcconfig; name = "Pods-WalletWise.release.xcconfig"; path = "Target Support Files/Pods-WalletWise/Pods-WalletWise.release.xcconfig"; sourceTree = "<group>"; };
/* End PBXFileReference section */

/* Begin PBXFrameworksBuildPhase section */
		B7EFF4D329E1178D0076146F /* Frameworks */ = {
			isa = PBXFrameworksBuildPhase;
			buildActionMask = 2147483647;
			files = (
				927EC44488DA0DAAA7DF67BA /* Pods_WalletWise.framework in Frameworks */,
			);
			runOnlyForDeploymentPostprocessing = 0;
		};
/* End PBXFrameworksBuildPhase section */

/* Begin PBXGroup section */
		9975E11352564D93F4FE6453 /* Pods */ = {
			isa = PBXGroup;
			children = (
				687B8539A0478F484D6F2F01 /* Pods-WalletWise.debug.xcconfig */,
				BDA7CFE0792F0C07EB10A8B1 /* Pods-WalletWise.release.xcconfig */,
			);
			path = Pods;
			sourceTree = "<group>";
		};
		B7EFF4CD29E1178D0076146F = {
			isa = PBXGroup;
			children = (
				B7EFF4D829E1178D0076146F /* WalletWise */,
				B7EFF4D729E1178D0076146F /* Products */,
				9975E11352564D93F4FE6453 /* Pods */,
				E368CF45B140462EBC6DF7F1 /* Frameworks */,
			);
			sourceTree = "<group>";
		};
		B7EFF4D729E1178D0076146F /* Products */ = {
			isa = PBXGroup;
			children = (
				B7EFF4D629E1178D0076146F /* WalletWise.app */,
			);
			name = Products;
			sourceTree = "<group>";
		};
		B7EFF4D829E1178D0076146F /* WalletWise */ = {
			isa = PBXGroup;
			children = (
				B7EFF4D929E1178D0076146F /* AppDelegate.swift */,
				B7EFF4DB29E1178D0076146F /* SceneDelegate.swift */,
				B7EFF4DD29E1178D0076146F /* ViewController.swift */,
				B760915229E9CA3A000C7FB6 /* SummaryViewController.swift */,
				B7EFF4DF29E1178D0076146F /* Main.storyboard */,
				B7EFF4E229E1178D0076146F /* Assets.xcassets */,
				B7EFF4E429E1178D0076146F /* LaunchScreen.storyboard */,
				B7EFF4E729E1178D0076146F /* Info.plist */,
			);
			path = WalletWise;
			sourceTree = "<group>";
		};
		E368CF45B140462EBC6DF7F1 /* Frameworks */ = {
			isa = PBXGroup;
			children = (
				3756546E2081E442CD103682 /* Pods_WalletWise.framework */,
			);
			name = Frameworks;
			sourceTree = "<group>";
		};
/* End PBXGroup section */

/* Begin PBXNativeTarget section */
		B7EFF4D529E1178D0076146F /* WalletWise */ = {
			isa = PBXNativeTarget;
			buildConfigurationList = B7EFF4EA29E1178D0076146F /* Build configuration list for PBXNativeTarget "WalletWise" */;
			buildPhases = (
				81A5E771D1BA8E42C67D414F /* [CP] Check Pods Manifest.lock */,
				B7EFF4D229E1178D0076146F /* Sources */,
				B7EFF4D329E1178D0076146F /* Frameworks */,
				B7EFF4D429E1178D0076146F /* Resources */,
				0F05E6373607BA3E8CB84450 /* [CP] Embed Pods Frameworks */,
			);
			buildRules = (
			);
			dependencies = (
			);
			name = WalletWise;
			productName = WalletWise;
			productReference = B7EFF4D629E1178D0076146F /* WalletWise.app */;
			productType = "com.apple.product-type.application";
		};
/* End PBXNativeTarget section */

/* Begin PBXProject section */
		B7EFF4CE29E1178D0076146F /* Project object */ = {
			isa = PBXProject;
			attributes = {
				BuildIndependentTargetsInParallel = 1;
				LastSwiftUpdateCheck = 1430;
				LastUpgradeCheck = 1430;
				TargetAttributes = {
					B7EFF4D529E1178D0076146F = {
						CreatedOnToolsVersion = 14.3;
					};
				};
			};
			buildConfigurationList = B7EFF4D129E1178D0076146F /* Build configuration list for PBXProject "WalletWise" */;
			compatibilityVersion = "Xcode 14.0";
			developmentRegion = en;
			hasScannedForEncodings = 0;
			knownRegions = (
				en,
				Base,
			);
			mainGroup = B7EFF4CD29E1178D0076146F;
			productRefGroup = B7EFF4D729E1178D0076146F /* Products */;
			projectDirPath = "";
			projectRoot = "";
			targets = (
				B7EFF4D529E1178D0076146F /* WalletWise */,
			);
		};
/* End PBXProject section */

/* Begin PBXResourcesBuildPhase section */
		B7EFF4D429E1178D0076146F /* Resources */ = {
			isa = PBXResourcesBuildPhase;
			buildActionMask = 2147483647;
			files = (
				B7EFF4E629E1178D0076146F /* LaunchScreen.storyboard in Resources */,
				B7EFF4E329E1178D0076146F /* Assets.xcassets in Resources */,
				B7EFF4E129E1178D0076146F /* Main.storyboard in Resources */,
			);
			runOnlyForDeploymentPostprocessing = 0;
		};
/* End PBXResourcesBuildPhase section */

/* Begin PBXShellScriptBuildPhase section */
		0F05E6373607BA3E8CB84450 /* [CP] Embed Pods Frameworks */ = {
			isa = PBXShellScriptBuildPhase;
			buildActionMask = 2147483647;
			files = (
			);
			inputFileListPaths = (
				"${PODS_ROOT}/Target Support Files/Pods-WalletWise/Pods-WalletWise-frameworks-${CONFIGURATION}-input-files.xcfilelist",
			);
			name = "[CP] Embed Pods Frameworks";
			outputFileListPaths = (
				"${PODS_ROOT}/Target Support Files/Pods-WalletWise/Pods-WalletWise-frameworks-${CONFIGURATION}-output-files.xcfilelist",
			);
			runOnlyForDeploymentPostprocessing = 0;
			shellPath = /bin/sh;
			shellScript = "\"${PODS_ROOT}/Target Support Files/Pods-WalletWise/Pods-WalletWise-frameworks.sh\"\n";
			showEnvVarsInLog = 0;
		};
		81A5E771D1BA8E42C67D414F /* [CP] Check Pods Manifest.lock */ = {
			isa = PBXShellScriptBuildPhase;
			buildActionMask = 2147483647;
			files = (
			);
			inputFileListPaths = (
			);
			inputPaths = (
				"${PODS_PODFILE_DIR_PATH}/Podfile.lock",
				"${PODS_ROOT}/Manifest.lock",
			);
			name = "[CP] Check Pods Manifest.lock";
			outputFileListPaths = (
			);
			outputPaths = (
				"$(DERIVED_FILE_DIR)/Pods-WalletWise-checkManifestLockResult.txt",
			);
			runOnlyForDeploymentPostprocessing = 0;
			shellPath = /bin/sh;
			shellScript = "diff \"${PODS_PODFILE_DIR_PATH}/Podfile.lock\" \"${PODS_ROOT}/Manifest.lock\" > /dev/null\nif [ $? != 0 ] ; then\n    # print error to STDERR\n    echo \"error: The sandbox is not in sync with the Podfile.lock. Run 'pod install' or update your CocoaPods installation.\" >&2\n    exit 1\nfi\n# This output is used by Xcode 'outputs' to avoid re-running this script phase.\necho \"SUCCESS\" > \"${SCRIPT_OUTPUT_FILE_0}\"\n";
			showEnvVarsInLog = 0;
		};
/* End PBXShellScriptBuildPhase section */

/* Begin PBXSourcesBuildPhase section */
		B7EFF4D229E1178D0076146F /* Sources */ = {
			isa = PBXSourcesBuildPhase;
			buildActionMask = 2147483647;
			files = (
				B7EFF4DE29E1178D0076146F /* ViewController.swift in Sources */,
				B7EFF4DA29E1178D0076146F /* AppDelegate.swift in Sources */,
				B7EFF4DC29E1178D0076146F /* SceneDelegate.swift in Sources */,
				B760915329E9CA3A000C7FB6 /* SummaryViewController.swift in Sources */,
			);
			runOnlyForDeploymentPostprocessing = 0;
		};
/* End PBXSourcesBuildPhase section */

/* Begin PBXVariantGroup section */
		B7EFF4DF29E1178D0076146F /* Main.storyboard */ = {
			isa = PBXVariantGroup;
			children = (
				B7EFF4E029E1178D0076146F /* Base */,
			);
			name = Main.storyboard;
			sourceTree = "<group>";
		};
		B7EFF4E429E1178D0076146F /* LaunchScreen.storyboard */ = {
			isa = PBXVariantGroup;
			children = (
				B7EFF4E529E1178D0076146F /* Base */,
			);
			name = LaunchScreen.storyboard;
			sourceTree = "<group>";
		};
/* End PBXVariantGroup section */

/* Begin XCBuildConfiguration section */
		B7EFF4E829E1178D0076146F /* Debug */ = {
			isa = XCBuildConfiguration;
			buildSettings = {
				ALWAYS_SEARCH_USER_PATHS = NO;
				CLANG_ANALYZER_NONNULL = YES;
				CLANG_ANALYZER_NUMBER_OBJECT_CONVERSION = YES_AGGRESSIVE;
				CLANG_CXX_LANGUAGE_STANDARD = "gnu++20";
				CLANG_ENABLE_MODULES = YES;
				CLANG_ENABLE_OBJC_ARC = YES;
				CLANG_ENABLE_OBJC_WEAK = YES;
				CLANG_WARN_BLOCK_CAPTURE_AUTORELEASING = YES;
				CLANG_WARN_BOOL_CONVERSION = YES;
				CLANG_WARN_COMMA = YES;
				CLANG_WARN_CONSTANT_CONVERSION = YES;
				CLANG_WARN_DEPRECATED_OBJC_IMPLEMENTATIONS = YES;
				CLANG_WARN_DIRECT_OBJC_ISA_USAGE = YES_ERROR;
				CLANG_WARN_DOCUMENTATION_COMMENTS = YES;
				CLANG_WARN_EMPTY_BODY = YES;
				CLANG_WARN_ENUM_CONVERSION = YES;
				CLANG_WARN_INFINITE_RECURSION = YES;
				CLANG_WARN_INT_CONVERSION = YES;
				CLANG_WARN_NON_LITERAL_NULL_CONVERSION = YES;
				CLANG_WARN_OBJC_IMPLICIT_RETAIN_SELF = YES;
				CLANG_WARN_OBJC_LITERAL_CONVERSION = YES;
				CLANG_WARN_OBJC_ROOT_CLASS = YES_ERROR;
				CLANG_WARN_QUOTED_INCLUDE_IN_FRAMEWORK_HEADER = YES;
				CLANG_WARN_RANGE_LOOP_ANALYSIS = YES;
				CLANG_WARN_STRICT_PROTOTYPES = YES;
				CLANG_WARN_SUSPICIOUS_MOVE = YES;
				CLANG_WARN_UNGUARDED_AVAILABILITY = YES_AGGRESSIVE;
				CLANG_WARN_UNREACHABLE_CODE = YES;
				CLANG_WARN__DUPLICATE_METHOD_MATCH = YES;
				COPY_PHASE_STRIP = NO;
				DEBUG_INFORMATION_FORMAT = dwarf;
				ENABLE_STRICT_OBJC_MSGSEND = YES;
				ENABLE_TESTABILITY = YES;
				GCC_C_LANGUAGE_STANDARD = gnu11;
				GCC_DYNAMIC_NO_PIC = NO;
				GCC_NO_COMMON_BLOCKS = YES;
				GCC_OPTIMIZATION_LEVEL = 0;
				GCC_PREPROCESSOR_DEFINITIONS = (
					"DEBUG=1",
					"$(inherited)",
				);
				GCC_WARN_64_TO_32_BIT_CONVERSION = YES;
				GCC_WARN_ABOUT_RETURN_TYPE = YES_ERROR;
				GCC_WARN_UNDECLARED_SELECTOR = YES;
				GCC_WARN_UNINITIALIZED_AUTOS = YES_AGGRESSIVE;
				GCC_WARN_UNUSED_FUNCTION = YES;
				GCC_WARN_UNUSED_VARIABLE = YES;
				IPHONEOS_DEPLOYMENT_TARGET = 16.4;
				MTL_ENABLE_DEBUG_INFO = INCLUDE_SOURCE;
				MTL_FAST_MATH = YES;
				ONLY_ACTIVE_ARCH = YES;
				SDKROOT = iphoneos;
				SWIFT_ACTIVE_COMPILATION_CONDITIONS = DEBUG;
				SWIFT_OPTIMIZATION_LEVEL = "-Onone";
			};
			name = Debug;
		};
		B7EFF4E929E1178D0076146F /* Release */ = {
			isa = XCBuildConfiguration;
			buildSettings = {
				ALWAYS_SEARCH_USER_PATHS = NO;
				CLANG_ANALYZER_NONNULL = YES;
				CLANG_ANALYZER_NUMBER_OBJECT_CONVERSION = YES_AGGRESSIVE;
				CLANG_CXX_LANGUAGE_STANDARD = "gnu++20";
				CLANG_ENABLE_MODULES = YES;
				CLANG_ENABLE_OBJC_ARC = YES;
				CLANG_ENABLE_OBJC_WEAK = YES;
				CLANG_WARN_BLOCK_CAPTURE_AUTORELEASING = YES;
				CLANG_WARN_BOOL_CONVERSION = YES;
				CLANG_WARN_COMMA = YES;
				CLANG_WARN_CONSTANT_CONVERSION = YES;
				CLANG_WARN_DEPRECATED_OBJC_IMPLEMENTATIONS = YES;
				CLANG_WARN_DIRECT_OBJC_ISA_USAGE = YES_ERROR;
				CLANG_WARN_DOCUMENTATION_COMMENTS = YES;
				CLANG_WARN_EMPTY_BODY = YES;
				CLANG_WARN_ENUM_CONVERSION = YES;
				CLANG_WARN_INFINITE_RECURSION = YES;
				CLANG_WARN_INT_CONVERSION = YES;
				CLANG_WARN_NON_LITERAL_NULL_CONVERSION = YES;
				CLANG_WARN_OBJC_IMPLICIT_RETAIN_SELF = YES;
				CLANG_WARN_OBJC_LITERAL_CONVERSION = YES;
				CLANG_WARN_OBJC_ROOT_CLASS = YES_ERROR;
				CLANG_WARN_QUOTED_INCLUDE_IN_FRAMEWORK_HEADER = YES;
				CLANG_WARN_RANGE_LOOP_ANALYSIS = YES;
				CLANG_WARN_STRICT_PROTOTYPES = YES;
				CLANG_WARN_SUSPICIOUS_MOVE = YES;
				CLANG_WARN_UNGUARDED_AVAILABILITY = YES_AGGRESSIVE;
				CLANG_WARN_UNREACHABLE_CODE = YES;
				CLANG_WARN__DUPLICATE_METHOD_MATCH = YES;
				COPY_PHASE_STRIP = NO;
				DEBUG_INFORMATION_FORMAT = "dwarf-with-dsym";
				ENABLE_NS_ASSERTIONS = NO;
				ENABLE_STRICT_OBJC_MSGSEND = YES;
				GCC_C_LANGUAGE_STANDARD = gnu11;
				GCC_NO_COMMON_BLOCKS = YES;
				GCC_WARN_64_TO_32_BIT_CONVERSION = YES;
				GCC_WARN_ABOUT_RETURN_TYPE = YES_ERROR;
				GCC_WARN_UNDECLARED_SELECTOR = YES;
				GCC_WARN_UNINITIALIZED_AUTOS = YES_AGGRESSIVE;
				GCC_WARN_UNUSED_FUNCTION = YES;
				GCC_WARN_UNUSED_VARIABLE = YES;
				IPHONEOS_DEPLOYMENT_TARGET = 16.4;
				MTL_ENABLE_DEBUG_INFO = NO;
				MTL_FAST_MATH = YES;
				SDKROOT = iphoneos;
				SWIFT_COMPILATION_MODE = wholemodule;
				SWIFT_OPTIMIZATION_LEVEL = "-O";
				VALIDATE_PRODUCT = YES;
			};
			name = Release;
		};
		B7EFF4EB29E1178D0076146F /* Debug */ = {
			isa = XCBuildConfiguration;
			baseConfigurationReference = 687B8539A0478F484D6F2F01 /* Pods-WalletWise.debug.xcconfig */;
			buildSettings = {
				ASSETCATALOG_COMPILER_APPICON_NAME = AppIcon;
				ASSETCATALOG_COMPILER_GLOBAL_ACCENT_COLOR_NAME = AccentColor;
				CODE_SIGN_STYLE = Automatic;
				CURRENT_PROJECT_VERSION = 1;
				DEVELOPMENT_TEAM = FW5BACSZ6A;
				GENERATE_INFOPLIST_FILE = YES;
				INFOPLIST_FILE = WalletWise/Info.plist;
				INFOPLIST_KEY_CFBundleDisplayName = WalletWise;
				INFOPLIST_KEY_LSApplicationCategoryType = "public.app-category.finance";
				INFOPLIST_KEY_UIApplicationSupportsIndirectInputEvents = YES;
				INFOPLIST_KEY_UILaunchStoryboardName = LaunchScreen;
				INFOPLIST_KEY_UIMainStoryboardFile = Main;
				INFOPLIST_KEY_UISupportedInterfaceOrientations_iPad = "UIInterfaceOrientationPortrait UIInterfaceOrientationPortraitUpsideDown UIInterfaceOrientationLandscapeLeft UIInterfaceOrientationLandscapeRight";
				INFOPLIST_KEY_UISupportedInterfaceOrientations_iPhone = "UIInterfaceOrientationPortrait UIInterfaceOrientationLandscapeLeft UIInterfaceOrientationLandscapeRight";
				IPHONEOS_DEPLOYMENT_TARGET = 15.0;
				LD_RUNPATH_SEARCH_PATHS = (
					"$(inherited)",
					"@executable_path/Frameworks",
				);
				MARKETING_VERSION = 1.0;
				PRODUCT_BUNDLE_IDENTIFIER = com.walletwise.WalletWise;
				PRODUCT_NAME = "$(TARGET_NAME)";
				SWIFT_EMIT_LOC_STRINGS = YES;
				SWIFT_VERSION = 5.0;
				TARGETED_DEVICE_FAMILY = "1,2";
			};
			name = Debug;
		};
		B7EFF4EC29E1178D0076146F /* Release */ = {
			isa = XCBuildConfiguration;
			baseConfigurationReference = BDA7CFE0792F0C07EB10A8B1 /* Pods-WalletWise.release.xcconfig */;
			buildSettings = {
				ASSETCATALOG_COMPILER_APPICON_NAME = AppIcon;
				ASSETCATALOG_COMPILER_GLOBAL_ACCENT_COLOR_NAME = AccentColor;
				CODE_SIGN_STYLE = Automatic;
				CURRENT_PROJECT_VERSION = 1;
				DEVELOPMENT_TEAM = FW5BACSZ6A;
				GENERATE_INFOPLIST_FILE = YES;
				INFOPLIST_FILE = WalletWise/Info.plist;
				INFOPLIST_KEY_CFBundleDisplayName = WalletWise;
				INFOPLIST_KEY_LSApplicationCategoryType = "public.app-category.finance";
				INFOPLIST_KEY_UIApplicationSupportsIndirectInputEvents = YES;
				INFOPLIST_KEY_UILaunchStoryboardName = LaunchScreen;
				INFOPLIST_KEY_UIMainStoryboardFile = Main;
				INFOPLIST_KEY_UISupportedInterfaceOrientations_iPad = "UIInterfaceOrientationPortrait UIInterfaceOrientationPortraitUpsideDown UIInterfaceOrientationLandscapeLeft UIInterfaceOrientationLandscapeRight";
				INFOPLIST_KEY_UISupportedInterfaceOrientations_iPhone = "UIInterfaceOrientationPortrait UIInterfaceOrientationLandscapeLeft UIInterfaceOrientationLandscapeRight";
				IPHONEOS_DEPLOYMENT_TARGET = 15.0;
				LD_RUNPATH_SEARCH_PATHS = (
					"$(inherited)",
					"@executable_path/Frameworks",
				);
				MARKETING_VERSION = 1.0;
				PRODUCT_BUNDLE_IDENTIFIER = com.walletwise.WalletWise;
				PRODUCT_NAME = "$(TARGET_NAME)";
				SWIFT_EMIT_LOC_STRINGS = YES;
				SWIFT_VERSION = 5.0;
				TARGETED_DEVICE_FAMILY = "1,2";
			};
			name = Release;
		};
/* End XCBuildConfiguration section */

/* Begin XCConfigurationList section */
		B7EFF4D129E1178D0076146F /* Build configuration list for PBXProject "WalletWise" */ = {
			isa = XCConfigurationList;
			buildConfigurations = (
				B7EFF4E829E1178D0076146F /* Debug */,
				B7EFF4E929E1178D0076146F /* Release */,
			);
			defaultConfigurationIsVisible = 0;
			defaultConfigurationName = Release;
		};
		B7EFF4EA29E1178D0076146F /* Build configuration list for PBXNativeTarget "WalletWise" */ = {
			isa = XCConfigurationList;
			buildConfigurations = (
				B7EFF4EB29E1178D0076146F /* Debug */,
				B7EFF4EC29E1178D0076146F /* Release */,
			);
			defaultConfigurationIsVisible = 0;
			defaultConfigurationName = Release;
		};
/* End XCConfigurationList section */
	};
	rootObject = B7EFF4CE29E1178D0076146F /* Project object */;
}
